{
  "name": "jeppe.science",
  "lockfileVersion": 2,
  "requires": true,
  "packages": {
    "": {
      "devDependencies": {
        "netlify-plugin-hugo-cache-resources": "^0.2.0",
        "netlify-plugin-submit-sitemap": "^0.2.3"
      }
    },
    "node_modules/netlify-plugin-hugo-cache-resources": {
      "version": "0.2.0",
      "resolved": "https://registry.npmjs.org/netlify-plugin-hugo-cache-resources/-/netlify-plugin-hugo-cache-resources-0.2.0.tgz",
      "integrity": "sha512-qNmO6jlVQDVmGwSYNuFLoubnYeaPUSN1AsraSWpE71yTw3PAzVtUvDeEKeunxTqlgICniXxQs188//LTjUKM+Q==",
      "dev": true
    },
    "node_modules/netlify-plugin-submit-sitemap": {
      "version": "0.2.3",
      "resolved": "https://registry.npmjs.org/netlify-plugin-submit-sitemap/-/netlify-plugin-submit-sitemap-0.2.3.tgz",
      "integrity": "sha512-OmRZgqCkigLcb9p7ri/gw7XecZjCH4cEh1SLUb819weT5bk2ly6PO46wbHsaZARDgM7UMmj1QzkJyjH53ECtTQ==",
      "dev": true,
      "dependencies": {
        "node-fetch": "^2.6.0"
      }
    },
    "node_modules/node-fetch": {
      "version": "2.6.1",
      "resolved": "https://registry.npmjs.org/node-fetch/-/node-fetch-2.6.1.tgz",
      "integrity": "sha512-V4aYg89jEoVRxRb2fJdAg8FHvI7cEyYdVAh94HH0UIK8oJxUfkjlDQN9RbMx+bEjP7+ggMiFRprSti032Oipxw==",
      "dev": true,
      "engines": {
        "node": "4.x || >=6.0.0"
      }
    }
  },
  "dependencies": {
    "netlify-plugin-hugo-cache-resources": {
      "version": "0.2.0",
      "resolved": "https://registry.npmjs.org/netlify-plugin-hugo-cache-resources/-/netlify-plugin-hugo-cache-resources-0.2.0.tgz",
      "integrity": "sha512-qNmO6jlVQDVmGwSYNuFLoubnYeaPUSN1AsraSWpE71yTw3PAzVtUvDeEKeunxTqlgICniXxQs188//LTjUKM+Q==",
      "dev": true
    },
    "netlify-plugin-submit-sitemap": {
      "version": "0.2.3",
      "resolved": "https://registry.npmjs.org/netlify-plugin-submit-sitemap/-/netlify-plugin-submit-sitemap-0.2.3.tgz",
      "integrity": "sha512-OmRZgqCkigLcb9p7ri/gw7XecZjCH4cEh1SLUb819weT5bk2ly6PO46wbHsaZARDgM7UMmj1QzkJyjH53ECtTQ==",
      "dev": true,
      "requires": {
        "node-fetch": "^2.6.0"
      }
    },
    "node-fetch": {
      "version": "2.6.1",
      "resolved": "https://registry.npmjs.org/node-fetch/-/node-fetch-2.6.1.tgz",
      "integrity": "sha512-V4aYg89jEoVRxRb2fJdAg8FHvI7cEyYdVAh94HH0UIK8oJxUfkjlDQN9RbMx+bEjP7+ggMiFRprSti032Oipxw==",
      "dev": true
    }
  }
}
